
Microsoft Visual Studio Solution File, Format Version 12.00
# Visual Studio 2013
VisualStudioVersion = 12.0.21005.1
MinimumVisualStudioVersion = 10.0.40219.1
Project("{FAE04EC0-301F-11D3-BF4B-00C04F79EFBC}") = "SISFER", "SISFER\SISFER.csproj", "{15188DA8-A084-4B78-89DF-D265A1ECEED6}"
EndProject
Project("{FAE04EC0-301F-11D3-BF4B-00C04F79EFBC}") = "DATO", "DATO\DATO.csproj", "{DC813C78-9057-407C-A49E-748DFD4BE6D7}"
EndProject
Project("{FAE04EC0-301F-11D3-BF4B-00C04F79EFBC}") = "ENTIDAD", "ENTIDAD\ENTIDAD.csproj", "{0A298854-4714-4DBB-B453-966DC0E57464}"
EndProject
Project("{FAE04EC0-301F-11D3-BF4B-00C04F79EFBC}") = "NEGOCIO", "NEGOCIO\NEGOCIO.csproj", "{9838690D-5579-4E87-943E-BB7026C66B1B}"
EndProject
Global
	GlobalSection(SolutionConfigurationPlatforms) = preSolution
		Debug|Any CPU = Debug|Any CPU
		Release|Any CPU = Release|Any CPU
	EndGlobalSection
	GlobalSection(ProjectConfigurationPlatforms) = postSolution
		{15188DA8-A084-4B78-89DF-D265A1ECEED6}.Debug|Any CPU.ActiveCfg = Debug|Any CPU
		{15188DA8-A084-4B78-89DF-D265A1ECEED6}.Debug|Any CPU.Build.0 = Debug|Any CPU
		{15188DA8-A084-4B78-89DF-D265A1ECEED6}.Release|Any CPU.ActiveCfg = Release|Any CPU
		{15188DA8-A084-4B78-89DF-D265A1ECEED6}.Release|Any CPU.Build.0 = Release|Any CPU
		{DC813C78-9057-407C-A49E-748DFD4BE6D7}.Debug|Any CPU.ActiveCfg = Debug|Any CPU
		{DC813C78-9057-407C-A49E-748DFD4BE6D7}.Debug|Any CPU.Build.0 = Debug|Any CPU
		{DC813C78-9057-407C-A49E-748DFD4BE6D7}.Release|Any CPU.ActiveCfg = Release|Any CPU
		{DC813C78-9057-407C-A49E-748DFD4BE6D7}.Release|Any CPU.Build.0 = Release|Any CPU
		{0A298854-4714-4DBB-B453-966DC0E57464}.Debug|Any CPU.ActiveCfg = Debug|Any CPU
		{0A298854-4714-4DBB-B453-966DC0E57464}.Debug|Any CPU.Build.0 = Debug|Any CPU
		{0A298854-4714-4DBB-B453-966DC0E57464}.Release|Any CPU.ActiveCfg = Release|Any CPU
		{0A298854-4714-4DBB-B453-966DC0E57464}.Release|Any CPU.Build.0 = Release|Any CPU
		{9838690D-5579-4E87-943E-BB7026C66B1B}.Debug|Any CPU.ActiveCfg = Debug|Any CPU
		{9838690D-5579-4E87-943E-BB7026C66B1B}.Debug|Any CPU.Build.0 = Debug|Any CPU
		{9838690D-5579-4E87-943E-BB7026C66B1B}.Release|Any CPU.ActiveCfg = Release|Any CPU
		{9838690D-5579-4E87-943E-BB7026C66B1B}.Release|Any CPU.Build.0 = Release|Any CPU
	EndGlobalSection
	GlobalSection(SolutionProperties) = preSolution
		HideSolutionNode = FALSE
	EndGlobalSection
EndGlobal
